// !$*UTF8*$!
{
	archiveVersion = 1;
	classes = {
	};
	objectVersion = 50;
	objects = {

/* Begin PBXBuildFile section */
		4FE82B5020D8F94E0013B9AD /* AppDelegate.swift in Sources */ = {isa = PBXBuildFile; fileRef = 4FE82B4F20D8F94E0013B9AD /* AppDelegate.swift */; };
		4FE82B5220D8F94E0013B9AD /* TableViewController.swift in Sources */ = {isa = PBXBuildFile; fileRef = 4FE82B5120D8F94E0013B9AD /* TableViewController.swift */; };
		4FE82B5520D8F94E0013B9AD /* Main.storyboard in Resources */ = {isa = PBXBuildFile; fileRef = 4FE82B5320D8F94E0013B9AD /* Main.storyboard */; };
		4FE82B5720D8F9500013B9AD /* Assets.xcassets in Resources */ = {isa = PBXBuildFile; fileRef = 4FE82B5620D8F9500013B9AD /* Assets.xcassets */; };
		4FE82B5A20D8F9500013B9AD /* LaunchScreen.storyboard in Resources */ = {isa = PBXBuildFile; fileRef = 4FE82B5820D8F9500013B9AD /* LaunchScreen.storyboard */; };
		4FE82B6220D900470013B9AD /* SwiftyJSON.swift in Sources */ = {isa = PBXBuildFile; fileRef = 4FE82B6120D900460013B9AD /* SwiftyJSON.swift */; };
		4FE82B6420D9088F0013B9AD /* DetailViewController.swift in Sources */ = {isa = PBXBuildFile; fileRef = 4FE82B6320D9088F0013B9AD /* DetailViewController.swift */; };
/* End PBXBuildFile section */

/* Begin PBXFileReference section */
		4FE82B4C20D8F94E0013B9AD /* Project-9-Grand-Central-Dispatch.app */ = {isa = PBXFileReference; explicitFileType = wrapper.application; includeInIndex = 0; path = "Project-9-Grand-Central-Dispatch.app"; sourceTree = BUILT_PRODUCTS_DIR; };
		4FE82B4F20D8F94E0013B9AD /* AppDelegate.swift */ = {isa = PBXFileReference; lastKnownFileType = sourcecode.swift; path = AppDelegate.swift; sourceTree = "<group>"; };
		4FE82B5120D8F94E0013B9AD /* TableViewController.swift */ = {isa = PBXFileReference; lastKnownFileType = sourcecode.swift; path = TableViewController.swift; sourceTree = "<group>"; };
		4FE82B5420D8F94E0013B9AD /* Base */ = {isa = PBXFileReference; lastKnownFileType = file.storyboard; name = Base; path = Base.lproj/Main.storyboard; sourceTree = "<group>"; };
		4FE82B5620D8F9500013B9AD /* Assets.xcassets */ = {isa = PBXFileReference; lastKnownFileType = folder.assetcatalog; path = Assets.xcassets; sourceTree = "<group>"; };
		4FE82B5920D8F9500013B9AD /* Base */ = {isa = PBXFileReference; lastKnownFileType = file.storyboard; name = Base; path = Base.lproj/LaunchScreen.storyboard; sourceTree = "<group>"; };
		4FE82B5B20D8F9500013B9AD /* Info.plist */ = {isa = PBXFileReference; lastKnownFileType = text.plist.xml; path = Info.plist; sourceTree = "<group>"; };
		4FE82B6120D900460013B9AD /* SwiftyJSON.swift */ = {isa = PBXFileReference; fileEncoding = 4; lastKnownFileType = sourcecode.swift; path = SwiftyJSON.swift; sourceTree = "<group>"; };
		4FE82B6320D9088F0013B9AD /* DetailViewController.swift */ = {isa = PBXFileReference; lastKnownFileType = sourcecode.swift; path = DetailViewController.swift; sourceTree = "<group>"; };
/* End PBXFileReference section */

/* Begin PBXFrameworksBuildPhase section */
		4FE82B4920D8F94E0013B9AD /* Frameworks */ = {
			isa = PBXFrameworksBuildPhase;
			buildActionMask = 2147483647;
			files = (
			);
			runOnlyForDeploymentPostprocessing = 0;
		};
/* End PBXFrameworksBuildPhase section */

/* Begin PBXGroup section */
		4FE82B4320D8F94E0013B9AD = {
			isa = PBXGroup;
			children = (
				4FE82B4E20D8F94E0013B9AD /* Project-7-Whitehouse-Petitions */,
				4FE82B4D20D8F94E0013B9AD /* Products */,
			);
			sourceTree = "<group>";
		};
		4FE82B4D20D8F94E0013B9AD /* Products */ = {
			isa = PBXGroup;
			children = (
				4FE82B4C20D8F94E0013B9AD /* Project-9-Grand-Central-Dispatch.app */,
			);
			name = Products;
			sourceTree = "<group>";
		};
		4FE82B4E20D8F94E0013B9AD /* Project-7-Whitehouse-Petitions */ = {
			isa = PBXGroup;
			children = (
				4FE82B4F20D8F94E0013B9AD /* AppDelegate.swift */,
				4FE82B5120D8F94E0013B9AD /* TableViewController.swift */,
				4FE82B6320D9088F0013B9AD /* DetailViewController.swift */,
				4FE82B5320D8F94E0013B9AD /* Main.storyboard */,
				4FE82B5620D8F9500013B9AD /* Assets.xcassets */,
				4FE82B5820D8F9500013B9AD /* LaunchScreen.storyboard */,
				4FE82B5B20D8F9500013B9AD /* Info.plist */,
				4FE82B6120D900460013B9AD /* SwiftyJSON.swift */,
			);
			path = "Project-7-Whitehouse-Petitions";
			sourceTree = "<group>";
		};
/* End PBXGroup section */

/* Begin PBXNativeTarget section */
		4FE82B4B20D8F94E0013B9AD /* Project-9-Grand-Central-Dispatch */ = {
			isa = PBXNativeTarget;
			buildConfigurationList = 4FE82B5E20D8F9500013B9AD /* Build configuration list for PBXNativeTarget "Project-9-Grand-Central-Dispatch" */;
			buildPhases = (
				4FE82B4820D8F94E0013B9AD /* Sources */,
				4FE82B4920D8F94E0013B9AD /* Frameworks */,
				4FE82B4A20D8F94E0013B9AD /* Resources */,
			);
			buildRules = (
			);
			dependencies = (
			);
			name = "Project-9-Grand-Central-Dispatch";
			productName = "Project-7-Whitehouse-Petitions";
			productReference = 4FE82B4C20D8F94E0013B9AD /* Project-9-Grand-Central-Dispatch.app */;
			productType = "com.apple.product-type.application";
		};
/* End PBXNativeTarget section */

/* Begin PBXProject section */
		4FE82B4420D8F94E0013B9AD /* Project object */ = {
			isa = PBXProject;
			attributes = {
				LastSwiftUpdateCheck = 0940;
				LastUpgradeCheck = 0940;
				ORGANIZATIONNAME = "A&D Progress";
				TargetAttributes = {
					4FE82B4B20D8F94E0013B9AD = {
						CreatedOnToolsVersion = 9.4.1;
					};
				};
			};
			buildConfigurationList = 4FE82B4720D8F94E0013B9AD /* Build configuration list for PBXProject "Project-9-Grand-Central-Dispatch" */;
			compatibilityVersion = "Xcode 9.3";
			developmentRegion = en;
			hasScannedForEncodings = 0;
			knownRegions = (
				en,
				Base,
			);
			mainGroup = 4FE82B4320D8F94E0013B9AD;
			productRefGroup = 4FE82B4D20D8F94E0013B9AD /* Products */;
			projectDirPath = "";
			projectRoot = "";
			targets = (
				4FE82B4B20D8F94E0013B9AD /* Project-9-Grand-Central-Dispatch */,
			);
		};
/* End PBXProject section */

/* Begin PBXResourcesBuildPhase section */
		4FE82B4A20D8F94E0013B9AD /* Resources */ = {
			isa = PBXResourcesBuildPhase;
			buildActionMask = 2147483647;
			files = (
				4FE82B5A20D8F9500013B9AD /* LaunchScreen.storyboard in Resources */,
				4FE82B5720D8F9500013B9AD /* Assets.xcassets in Resources */,
				4FE82B5520D8F94E0013B9AD /* Main.storyboard in Resources */,
			);
			runOnlyForDeploymentPostprocessing = 0;
		};
/* End PBXResourcesBuildPhase section */

/* Begin PBXSourcesBuildPhase section */
		4FE82B4820D8F94E0013B9AD /* Sources */ = {
			isa = PBXSourcesBuildPhase;
			buildActionMask = 2147483647;
			files = (
				4FE82B6220D900470013B9AD /* SwiftyJSON.swift in Sources */,
				4FE82B5220D8F94E0013B9AD /* TableViewController.swift in Sources */,
				4FE82B5020D8F94E0013B9AD /* AppDelegate.swift in Sources */,
				4FE82B6420D9088F0013B9AD /* DetailViewController.swift in Sources */,
			);
			runOnlyForDeploymentPostprocessing = 0;
		};
/* End PBXSourcesBuildPhase section */

/* Begin PBXVariantGroup section */
		4FE82B5320D8F94E0013B9AD /* Main.storyboard */ = {
			isa = PBXVariantGroup;
			children = (
				4FE82B5420D8F94E0013B9AD /* Base */,
			);
			name = Main.storyboard;
			sourceTree = "<group>";
		};
		4FE82B5820D8F9500013B9AD /* LaunchScreen.storyboard */ = {
			isa = PBXVariantGroup;
			children = (
				4FE82B5920D8F9500013B9AD /* Base */,
			);
			name = LaunchScreen.storyboard;
			sourceTree = "<group>";
		};
/* End PBXVariantGroup section */

/* Begin XCBuildConfiguration section */
		4FE82B5C20D8F9500013B9AD /* Debug */ = {
			isa = XCBuildConfiguration;
			buildSettings = {
				ALWAYS_SEARCH_USER_PATHS = NO;
				CLANG_ANALYZER_NONNULL = YES;
				CLANG_ANALYZER_NUMBER_OBJECT_CONVERSION = YES_AGGRESSIVE;
				CLANG_CXX_LANGUAGE_STANDARD = "gnu++14";
				CLANG_CXX_LIBRARY = "libc++";
				CLANG_ENABLE_MODULES = YES;
				CLANG_ENABLE_OBJC_ARC = YES;
				CLANG_ENABLE_OBJC_WEAK = YES;
				CLANG_WARN_BLOCK_CAPTURE_AUTORELEASING = YES;
				CLANG_WARN_BOOL_CONVERSION = YES;
				CLANG_WARN_COMMA = YES;
				CLANG_WARN_CONSTANT_CONVERSION = YES;
				CLANG_WARN_DEPRECATED_OBJC_IMPLEMENTATIONS = YES;
				CLANG_WARN_DIRECT_OBJC_ISA_USAGE = YES_ERROR;
				CLANG_WARN_DOCUMENTATION_COMMENTS = YES;
				CLANG_WARN_EMPTY_BODY = YES;
				CLANG_WARN_ENUM_CONVERSION = YES;
				CLANG_WARN_INFINITE_RECURSION = YES;
				CLANG_WARN_INT_CONVERSION = YES;
				CLANG_WARN_NON_LITERAL_NULL_CONVERSION = YES;
				CLANG_WARN_OBJC_IMPLICIT_RETAIN_SELF = YES;
				CLANG_WARN_OBJC_LITERAL_CONVERSION = YES;
				CLANG_WARN_OBJC_ROOT_CLASS = YES_ERROR;
				CLANG_WARN_RANGE_LOOP_ANALYSIS = YES;
				CLANG_WARN_STRICT_PROTOTYPES = YES;
				CLANG_WARN_SUSPICIOUS_MOVE = YES;
				CLANG_WARN_UNGUARDED_AVAILABILITY = YES_AGGRESSIVE;
				CLANG_WARN_UNREACHABLE_CODE = YES;
				CLANG_WARN__DUPLICATE_METHOD_MATCH = YES;
				CODE_SIGN_IDENTITY = "iPhone Developer";
				COPY_PHASE_STRIP = NO;
				DEBUG_INFORMATION_FORMAT = dwarf;
				ENABLE_STRICT_OBJC_MSGSEND = YES;
				ENABLE_TESTABILITY = YES;
				GCC_C_LANGUAGE_STANDARD = gnu11;
				GCC_DYNAMIC_NO_PIC = NO;
				GCC_NO_COMMON_BLOCKS = YES;
				GCC_OPTIMIZATION_LEVEL = 0;
				GCC_PREPROCESSOR_DEFINITIONS = (
					"DEBUG=1",
					"$(inherited)",
				);
				GCC_WARN_64_TO_32_BIT_CONVERSION = YES;
				GCC_WARN_ABOUT_RETURN_TYPE = YES_ERROR;
				GCC_WARN_UNDECLARED_SELECTOR = YES;
				GCC_WARN_UNINITIALIZED_AUTOS = YES_AGGRESSIVE;
				GCC_WARN_UNUSED_FUNCTION = YES;
				GCC_WARN_UNUSED_VARIABLE = YES;
				IPHONEOS_DEPLOYMENT_TARGET = 11.4;
				MTL_ENABLE_DEBUG_INFO = YES;
				ONLY_ACTIVE_ARCH = YES;
				SDKROOT = iphoneos;
				SWIFT_ACTIVE_COMPILATION_CONDITIONS = DEBUG;
				SWIFT_OPTIMIZATION_LEVEL = "-Onone";
			};
			name = Debug;
		};
		4FE82B5D20D8F9500013B9AD /* Release */ = {
			isa = XCBuildConfiguration;
			buildSettings = {
				ALWAYS_SEARCH_USER_PATHS = NO;
				CLANG_ANALYZER_NONNULL = YES;
				CLANG_ANALYZER_NUMBER_OBJECT_CONVERSION = YES_AGGRESSIVE;
				CLANG_CXX_LANGUAGE_STANDARD = "gnu++14";
				CLANG_CXX_LIBRARY = "libc++";
				CLANG_ENABLE_MODULES = YES;
				CLANG_ENABLE_OBJC_ARC = YES;
				CLANG_ENABLE_OBJC_WEAK = YES;
				CLANG_WARN_BLOCK_CAPTURE_AUTORELEASING = YES;
				CLANG_WARN_BOOL_CONVERSION = YES;
				CLANG_WARN_COMMA = YES;
				CLANG_WARN_CONSTANT_CONVERSION = YES;
				CLANG_WARN_DEPRECATED_OBJC_IMPLEMENTATIONS = YES;
				CLANG_WARN_DIRECT_OBJC_ISA_USAGE = YES_ERROR;
				CLANG_WARN_DOCUMENTATION_COMMENTS = YES;
				CLANG_WARN_EMPTY_BODY = YES;
				CLANG_WARN_ENUM_CONVERSION = YES;
				CLANG_WARN_INFINITE_RECURSION = YES;
				CLANG_WARN_INT_CONVERSION = YES;
				CLANG_WARN_NON_LITERAL_NULL_CONVERSION = YES;
				CLANG_WARN_OBJC_IMPLICIT_RETAIN_SELF = YES;
				CLANG_WARN_OBJC_LITERAL_CONVERSION = YES;
				CLANG_WARN_OBJC_ROOT_CLASS = YES_ERROR;
				CLANG_WARN_RANGE_LOOP_ANALYSIS = YES;
				CLANG_WARN_STRICT_PROTOTYPES = YES;
				CLANG_WARN_SUSPICIOUS_MOVE = YES;
				CLANG_WARN_UNGUARDED_AVAILABILITY = YES_AGGRESSIVE;
				CLANG_WARN_UNREACHABLE_CODE = YES;
				CLANG_WARN__DUPLICATE_METHOD_MATCH = YES;
				CODE_SIGN_IDENTITY = "iPhone Developer";
				COPY_PHASE_STRIP = NO;
				DEBUG_INFORMATION_FORMAT = "dwarf-with-dsym";
				ENABLE_NS_ASSERTIONS = NO;
				ENABLE_STRICT_OBJC_MSGSEND = YES;
				GCC_C_LANGUAGE_STANDARD = gnu11;
				GCC_NO_COMMON_BLOCKS = YES;
				GCC_WARN_64_TO_32_BIT_CONVERSION = YES;
				GCC_WARN_ABOUT_RETURN_TYPE = YES_ERROR;
				GCC_WARN_UNDECLARED_SELECTOR = YES;
				GCC_WARN_UNINITIALIZED_AUTOS = YES_AGGRESSIVE;
				GCC_WARN_UNUSED_FUNCTION = YES;
				GCC_WARN_UNUSED_VARIABLE = YES;
				IPHONEOS_DEPLOYMENT_TARGET = 11.4;
				MTL_ENABLE_DEBUG_INFO = NO;
				SDKROOT = iphoneos;
				SWIFT_COMPILATION_MODE = wholemodule;
				SWIFT_OPTIMIZATION_LEVEL = "-O";
				VALIDATE_PRODUCT = YES;
			};
			name = Release;
		};
		4FE82B5F20D8F9500013B9AD /* Debug */ = {
			isa = XCBuildConfiguration;
			buildSettings = {
				ASSETCATALOG_COMPILER_APPICON_NAME = AppIcon;
				CODE_SIGN_STYLE = Automatic;
				DEVELOPMENT_TEAM = 6GDWE93PAP;
				INFOPLIST_FILE = "Project-7-Whitehouse-Petitions/Info.plist";
				LD_RUNPATH_SEARCH_PATHS = (
					"$(inherited)",
					"@executable_path/Frameworks",
				);
				PRODUCT_BUNDLE_IDENTIFIER = "com.adprogress.Project-7-Whitehouse-Petitions";
				PRODUCT_NAME = "$(TARGET_NAME)";
				SWIFT_VERSION = 4.0;
				TARGETED_DEVICE_FAMILY = 1;
			};
			name = Debug;
		};
		4FE82B6020D8F9500013B9AD /* Release */ = {
			isa = XCBuildConfiguration;
			buildSettings = {
				ASSETCATALOG_COMPILER_APPICON_NAME = AppIcon;
				CODE_SIGN_STYLE = Automatic;
				DEVELOPMENT_TEAM = 6GDWE93PAP;
				INFOPLIST_FILE = "Project-7-Whitehouse-Petitions/Info.plist";
				LD_RUNPATH_SEARCH_PATHS = (
					"$(inherited)",
					"@executable_path/Frameworks",
				);
				PRODUCT_BUNDLE_IDENTIFIER = "com.adprogress.Project-7-Whitehouse-Petitions";
				PRODUCT_NAME = "$(TARGET_NAME)";
				SWIFT_VERSION = 4.0;
				TARGETED_DEVICE_FAMILY = 1;
			};
			name = Release;
		};
/* End XCBuildConfiguration section */

/* Begin XCConfigurationList section */
		4FE82B4720D8F94E0013B9AD /* Build configuration list for PBXProject "Project-9-Grand-Central-Dispatch" */ = {
			isa = XCConfigurationList;
			buildConfigurations = (
				4FE82B5C20D8F9500013B9AD /* Debug */,
				4FE82B5D20D8F9500013B9AD /* Release */,
			);
			defaultConfigurationIsVisible = 0;
			defaultConfigurationName = Release;
		};
		4FE82B5E20D8F9500013B9AD /* Build configuration list for PBXNativeTarget "Project-9-Grand-Central-Dispatch" */ = {
			isa = XCConfigurationList;
			buildConfigurations = (
				4FE82B5F20D8F9500013B9AD /* Debug */,
				4FE82B6020D8F9500013B9AD /* Release */,
			);
			defaultConfigurationIsVisible = 0;
			defaultConfigurationName = Release;
		};
/* End XCConfigurationList section */
	};
	rootObject = 4FE82B4420D8F94E0013B9AD /* Project object */;
}
